
Microsoft Visual Studio Solution File, Format Version 12.00
# Visual Studio Version 17
VisualStudioVersion = 17.8.34322.80
MinimumVisualStudioVersion = 10.0.40219.1
Project("{FAE04EC0-301F-11D3-BF4B-00C04F79EFBC}") = "Nidhi_8939106_SQAssignment4", "Nidhi_8939106_SQAssignment4\Nidhi_8939106_SQAssignment4.csproj", "{64CF5961-CFDC-40B6-B353-6E63CDEC8012}"
EndProject
Global
	GlobalSection(SolutionConfigurationPlatforms) = preSolution
		Debug|Any CPU = Debug|Any CPU
		Release|Any CPU = Release|Any CPU
	EndGlobalSection
	GlobalSection(ProjectConfigurationPlatforms) = postSolution
		{64CF5961-CFDC-40B6-B353-6E63CDEC8012}.Debug|Any CPU.ActiveCfg = Debug|Any CPU
		{64CF5961-CFDC-40B6-B353-6E63CDEC8012}.Debug|Any CPU.Build.0 = Debug|Any CPU
		{64CF5961-CFDC-40B6-B353-6E63CDEC8012}.Release|Any CPU.ActiveCfg = Release|Any CPU
		{64CF5961-CFDC-40B6-B353-6E63CDEC8012}.Release|Any CPU.Build.0 = Release|Any CPU
	EndGlobalSection
	GlobalSection(SolutionProperties) = preSolution
		HideSolutionNode = FALSE
	EndGlobalSection
	GlobalSection(ExtensibilityGlobals) = postSolution
		SolutionGuid = {E78F747B-6ACD-4974-8AF0-2AE4E5521BB1}
	EndGlobalSection
EndGlobal
